
Microsoft Visual Studio Solution File, Format Version 12.00
# Visual Studio Version 17
VisualStudioVersion = 17.9.34622.214
MinimumVisualStudioVersion = 10.0.40219.1
Project("{FAE04EC0-301F-11D3-BF4B-00C04F79EFBC}") = "valutavalaszto", "valutavalaszto\valutavalaszto.csproj", "{064CD16A-A6AB-4256-9E29-7BFF90C640C9}"
EndProject
Global
	GlobalSection(SolutionConfigurationPlatforms) = preSolution
		Debug|Any CPU = Debug|Any CPU
		Release|Any CPU = Release|Any CPU
	EndGlobalSection
	GlobalSection(ProjectConfigurationPlatforms) = postSolution
		{064CD16A-A6AB-4256-9E29-7BFF90C640C9}.Debug|Any CPU.ActiveCfg = Debug|Any CPU
		{064CD16A-A6AB-4256-9E29-7BFF90C640C9}.Debug|Any CPU.Build.0 = Debug|Any CPU
		{064CD16A-A6AB-4256-9E29-7BFF90C640C9}.Release|Any CPU.ActiveCfg = Release|Any CPU
		{064CD16A-A6AB-4256-9E29-7BFF90C640C9}.Release|Any CPU.Build.0 = Release|Any CPU
	EndGlobalSection
	GlobalSection(SolutionProperties) = preSolution
		HideSolutionNode = FALSE
	EndGlobalSection
	GlobalSection(ExtensibilityGlobals) = postSolution
		SolutionGuid = {5DA7CE58-B442-4201-940E-A9F20E9118A3}
	EndGlobalSection
EndGlobal
